
Microsoft Visual Studio Solution File, Format Version 12.00
# Visual Studio Version 17
VisualStudioVersion = 17.0.31903.59
MinimumVisualStudioVersion = 10.0.40219.1
Project("{2150E333-8FDC-42A3-9474-1A3956D46DE8}") = "src", "src", "{FA74EB3A-8595-4231-B4BD-DC508B880765}"
EndProject
Project("{2150E333-8FDC-42A3-9474-1A3956D46DE8}") = "ApiGateway", "ApiGateway", "{AFF9C19B-9765-4C6F-99A8-A849C2E0DDA6}"
EndProject
Project("{FAE04EC0-301F-11D3-BF4B-00C04F79EFBC}") = "PhotoHub.ApiGateway", "src\ApiGateway\PhotoHub.ApiGateway\PhotoHub.ApiGateway.csproj", "{335CFE70-6C2D-4024-A8AD-8230BAA87878}"
EndProject
Project("{2150E333-8FDC-42A3-9474-1A3956D46DE8}") = "Services", "Services", "{5728B4DF-B0F4-4A9C-8EBA-6093A7770E23}"
EndProject
Project("{2150E333-8FDC-42A3-9474-1A3956D46DE8}") = "Auth", "Auth", "{89C09438-CB90-4E84-94F7-F5A6F98026AF}"
EndProject
Project("{FAE04EC0-301F-11D3-BF4B-00C04F79EFBC}") = "PhotoHub.AuthService", "src\Services\Auth\PhotoHub.AuthService\PhotoHub.AuthService.csproj", "{F89C62A6-394F-4132-8C7B-CA347B19EDC9}"
EndProject
Project("{2150E333-8FDC-42A3-9474-1A3956D46DE8}") = "Friends", "Friends", "{6572598A-F88C-4DD3-B0D7-F40DD4DFFA4A}"
EndProject
Project("{FAE04EC0-301F-11D3-BF4B-00C04F79EFBC}") = "PhotoHub.FriendsService", "src\Services\Friends\PhotoHub.FriendsService\PhotoHub.FriendsService.csproj", "{9CF37BD2-6C79-4C04-A270-53BA5D07D0EE}"
EndProject
Project("{2150E333-8FDC-42A3-9474-1A3956D46DE8}") = "Photo", "Photo", "{F290EC30-AA4C-4B0A-BD93-F68A84688B1F}"
EndProject
Project("{FAE04EC0-301F-11D3-BF4B-00C04F79EFBC}") = "PhotoHub.PhotoService", "src\Services\Photo\PhotoHub.PhotoService\PhotoHub.PhotoService.csproj", "{BB4F0BAC-CD0D-47AA-8EA9-F491D160F541}"
EndProject
Project("{2150E333-8FDC-42A3-9474-1A3956D46DE8}") = "Preview", "Preview", "{61C17230-98F3-4A3F-AA65-D26E50E86377}"
EndProject
Project("{FAE04EC0-301F-11D3-BF4B-00C04F79EFBC}") = "PhotoHub.PreviewService", "src\Services\Preview\PhotoHub.PreviewService\PhotoHub.PreviewService.csproj", "{D0F9B07C-B5D3-400D-895B-6AD78E99D1EB}"
EndProject
Project("{2150E333-8FDC-42A3-9474-1A3956D46DE8}") = "Feed", "Feed", "{AF60A840-736D-4D66-AB83-D39E3919690F}"
EndProject
Project("{FAE04EC0-301F-11D3-BF4B-00C04F79EFBC}") = "PhotoHub.FeedService", "src\Services\Feed\PhotoHub.FeedService\PhotoHub.FeedService.csproj", "{96B5737F-7F28-44FC-94FE-46E20C8B0488}"
EndProject
Project("{2150E333-8FDC-42A3-9474-1A3956D46DE8}") = "Like", "Like", "{85E37A25-D0A2-407A-8B45-EF98D275D5E0}"
EndProject
Project("{FAE04EC0-301F-11D3-BF4B-00C04F79EFBC}") = "PhotoHub.LikeService", "src\Services\Like\PhotoHub.LikeService\PhotoHub.LikeService.csproj", "{A4B0BCFC-CE80-4F75-A7D0-7D25A4AD3967}"
EndProject
Project("{2150E333-8FDC-42A3-9474-1A3956D46DE8}") = "BuildingBlocks", "BuildingBlocks", "{C2B0C575-71FC-4D1F-93DA-46616763A2CD}"
EndProject
Project("{FAE04EC0-301F-11D3-BF4B-00C04F79EFBC}") = "PhotoHub.Shared", "src\BuildingBlocks\PhotoHub.Shared\PhotoHub.Shared.csproj", "{12291E39-E9A1-47C1-B27F-FD6A0736E3E1}"
EndProject
Project("{FAE04EC0-301F-11D3-BF4B-00C04F79EFBC}") = "PhotoHub.Contracts", "src\BuildingBlocks\PhotoHub.Contracts\PhotoHub.Contracts.csproj", "{B3DF0129-EA36-4C9F-A192-30F9BA8CBC6C}"
EndProject
Project("{FAE04EC0-301F-11D3-BF4B-00C04F79EFBC}") = "PhotoHub.Observability", "src\BuildingBlocks\PhotoHub.Observability\PhotoHub.Observability.csproj", "{4AE7BFC0-0C7F-4867-B188-DEB95BC4F600}"
EndProject
Global
	GlobalSection(SolutionConfigurationPlatforms) = preSolution
		Debug|Any CPU = Debug|Any CPU
		Release|Any CPU = Release|Any CPU
	EndGlobalSection
	GlobalSection(SolutionProperties) = preSolution
		HideSolutionNode = FALSE
	EndGlobalSection
	GlobalSection(ProjectConfigurationPlatforms) = postSolution
		{335CFE70-6C2D-4024-A8AD-8230BAA87878}.Debug|Any CPU.ActiveCfg = Debug|Any CPU
		{335CFE70-6C2D-4024-A8AD-8230BAA87878}.Debug|Any CPU.Build.0 = Debug|Any CPU
		{335CFE70-6C2D-4024-A8AD-8230BAA87878}.Release|Any CPU.ActiveCfg = Release|Any CPU
		{335CFE70-6C2D-4024-A8AD-8230BAA87878}.Release|Any CPU.Build.0 = Release|Any CPU
		{F89C62A6-394F-4132-8C7B-CA347B19EDC9}.Debug|Any CPU.ActiveCfg = Debug|Any CPU
		{F89C62A6-394F-4132-8C7B-CA347B19EDC9}.Debug|Any CPU.Build.0 = Debug|Any CPU
		{F89C62A6-394F-4132-8C7B-CA347B19EDC9}.Release|Any CPU.ActiveCfg = Release|Any CPU
		{F89C62A6-394F-4132-8C7B-CA347B19EDC9}.Release|Any CPU.Build.0 = Release|Any CPU
		{9CF37BD2-6C79-4C04-A270-53BA5D07D0EE}.Debug|Any CPU.ActiveCfg = Debug|Any CPU
		{9CF37BD2-6C79-4C04-A270-53BA5D07D0EE}.Debug|Any CPU.Build.0 = Debug|Any CPU
		{9CF37BD2-6C79-4C04-A270-53BA5D07D0EE}.Release|Any CPU.ActiveCfg = Release|Any CPU
		{9CF37BD2-6C79-4C04-A270-53BA5D07D0EE}.Release|Any CPU.Build.0 = Release|Any CPU
		{BB4F0BAC-CD0D-47AA-8EA9-F491D160F541}.Debug|Any CPU.ActiveCfg = Debug|Any CPU
		{BB4F0BAC-CD0D-47AA-8EA9-F491D160F541}.Debug|Any CPU.Build.0 = Debug|Any CPU
		{BB4F0BAC-CD0D-47AA-8EA9-F491D160F541}.Release|Any CPU.ActiveCfg = Release|Any CPU
		{BB4F0BAC-CD0D-47AA-8EA9-F491D160F541}.Release|Any CPU.Build.0 = Release|Any CPU
		{D0F9B07C-B5D3-400D-895B-6AD78E99D1EB}.Debug|Any CPU.ActiveCfg = Debug|Any CPU
		{D0F9B07C-B5D3-400D-895B-6AD78E99D1EB}.Debug|Any CPU.Build.0 = Debug|Any CPU
		{D0F9B07C-B5D3-400D-895B-6AD78E99D1EB}.Release|Any CPU.ActiveCfg = Release|Any CPU
		{D0F9B07C-B5D3-400D-895B-6AD78E99D1EB}.Release|Any CPU.Build.0 = Release|Any CPU
		{96B5737F-7F28-44FC-94FE-46E20C8B0488}.Debug|Any CPU.ActiveCfg = Debug|Any CPU
		{96B5737F-7F28-44FC-94FE-46E20C8B0488}.Debug|Any CPU.Build.0 = Debug|Any CPU
		{96B5737F-7F28-44FC-94FE-46E20C8B0488}.Release|Any CPU.ActiveCfg = Release|Any CPU
		{96B5737F-7F28-44FC-94FE-46E20C8B0488}.Release|Any CPU.Build.0 = Release|Any CPU
		{A4B0BCFC-CE80-4F75-A7D0-7D25A4AD3967}.Debug|Any CPU.ActiveCfg = Debug|Any CPU
		{A4B0BCFC-CE80-4F75-A7D0-7D25A4AD3967}.Debug|Any CPU.Build.0 = Debug|Any CPU
		{A4B0BCFC-CE80-4F75-A7D0-7D25A4AD3967}.Release|Any CPU.ActiveCfg = Release|Any CPU
		{A4B0BCFC-CE80-4F75-A7D0-7D25A4AD3967}.Release|Any CPU.Build.0 = Release|Any CPU
		{12291E39-E9A1-47C1-B27F-FD6A0736E3E1}.Debug|Any CPU.ActiveCfg = Debug|Any CPU
		{12291E39-E9A1-47C1-B27F-FD6A0736E3E1}.Debug|Any CPU.Build.0 = Debug|Any CPU
		{12291E39-E9A1-47C1-B27F-FD6A0736E3E1}.Release|Any CPU.ActiveCfg = Release|Any CPU
		{12291E39-E9A1-47C1-B27F-FD6A0736E3E1}.Release|Any CPU.Build.0 = Release|Any CPU
		{B3DF0129-EA36-4C9F-A192-30F9BA8CBC6C}.Debug|Any CPU.ActiveCfg = Debug|Any CPU
		{B3DF0129-EA36-4C9F-A192-30F9BA8CBC6C}.Debug|Any CPU.Build.0 = Debug|Any CPU
		{B3DF0129-EA36-4C9F-A192-30F9BA8CBC6C}.Release|Any CPU.ActiveCfg = Release|Any CPU
		{B3DF0129-EA36-4C9F-A192-30F9BA8CBC6C}.Release|Any CPU.Build.0 = Release|Any CPU
		{4AE7BFC0-0C7F-4867-B188-DEB95BC4F600}.Debug|Any CPU.ActiveCfg = Debug|Any CPU
		{4AE7BFC0-0C7F-4867-B188-DEB95BC4F600}.Debug|Any CPU.Build.0 = Debug|Any CPU
		{4AE7BFC0-0C7F-4867-B188-DEB95BC4F600}.Release|Any CPU.ActiveCfg = Release|Any CPU
		{4AE7BFC0-0C7F-4867-B188-DEB95BC4F600}.Release|Any CPU.Build.0 = Release|Any CPU
	EndGlobalSection
	GlobalSection(NestedProjects) = preSolution
		{AFF9C19B-9765-4C6F-99A8-A849C2E0DDA6} = {FA74EB3A-8595-4231-B4BD-DC508B880765}
		{335CFE70-6C2D-4024-A8AD-8230BAA87878} = {AFF9C19B-9765-4C6F-99A8-A849C2E0DDA6}
		{5728B4DF-B0F4-4A9C-8EBA-6093A7770E23} = {FA74EB3A-8595-4231-B4BD-DC508B880765}
		{89C09438-CB90-4E84-94F7-F5A6F98026AF} = {5728B4DF-B0F4-4A9C-8EBA-6093A7770E23}
		{F89C62A6-394F-4132-8C7B-CA347B19EDC9} = {89C09438-CB90-4E84-94F7-F5A6F98026AF}
		{6572598A-F88C-4DD3-B0D7-F40DD4DFFA4A} = {5728B4DF-B0F4-4A9C-8EBA-6093A7770E23}
		{9CF37BD2-6C79-4C04-A270-53BA5D07D0EE} = {6572598A-F88C-4DD3-B0D7-F40DD4DFFA4A}
		{F290EC30-AA4C-4B0A-BD93-F68A84688B1F} = {5728B4DF-B0F4-4A9C-8EBA-6093A7770E23}
		{BB4F0BAC-CD0D-47AA-8EA9-F491D160F541} = {F290EC30-AA4C-4B0A-BD93-F68A84688B1F}
		{61C17230-98F3-4A3F-AA65-D26E50E86377} = {5728B4DF-B0F4-4A9C-8EBA-6093A7770E23}
		{D0F9B07C-B5D3-400D-895B-6AD78E99D1EB} = {61C17230-98F3-4A3F-AA65-D26E50E86377}
		{AF60A840-736D-4D66-AB83-D39E3919690F} = {5728B4DF-B0F4-4A9C-8EBA-6093A7770E23}
		{96B5737F-7F28-44FC-94FE-46E20C8B0488} = {AF60A840-736D-4D66-AB83-D39E3919690F}
		{85E37A25-D0A2-407A-8B45-EF98D275D5E0} = {5728B4DF-B0F4-4A9C-8EBA-6093A7770E23}
		{A4B0BCFC-CE80-4F75-A7D0-7D25A4AD3967} = {85E37A25-D0A2-407A-8B45-EF98D275D5E0}
		{C2B0C575-71FC-4D1F-93DA-46616763A2CD} = {FA74EB3A-8595-4231-B4BD-DC508B880765}
		{12291E39-E9A1-47C1-B27F-FD6A0736E3E1} = {C2B0C575-71FC-4D1F-93DA-46616763A2CD}
		{B3DF0129-EA36-4C9F-A192-30F9BA8CBC6C} = {C2B0C575-71FC-4D1F-93DA-46616763A2CD}
		{4AE7BFC0-0C7F-4867-B188-DEB95BC4F600} = {C2B0C575-71FC-4D1F-93DA-46616763A2CD}
	EndGlobalSection
EndGlobal
